// !$*UTF8*$!
{
	archiveVersion = 1;
	classes = {
	};
	objectVersion = 46;
	objects = {

/* Begin PBXBuildFile section */
		6E32C5061A6D0B9F002FEDC7 /* main.swift in Sources */ = {isa = PBXBuildFile; fileRef = 6E32C5051A6D0B9F002FEDC7 /* main.swift */; };
/* End PBXBuildFile section */

/* Begin PBXCopyFilesBuildPhase section */
		6E32C5001A6D0B9F002FEDC7 /* CopyFiles */ = {
			isa = PBXCopyFilesBuildPhase;
			buildActionMask = 2147483647;
			dstPath = /usr/share/man/man1/;
			dstSubfolderSpec = 0;
			files = (
			);
			runOnlyForDeploymentPostprocessing = 1;
		};
/* End PBXCopyFilesBuildPhase section */

/* Begin PBXFileReference section */
		6E32C5021A6D0B9F002FEDC7 /* DivideByZeroTestCase */ = {isa = PBXFileReference; explicitFileType = "compiled.mach-o.executable"; includeInIndex = 0; path = DivideByZeroTestCase; sourceTree = BUILT_PRODUCTS_DIR; };
		6E32C5051A6D0B9F002FEDC7 /* main.swift */ = {isa = PBXFileReference; lastKnownFileType = sourcecode.swift; path = main.swift; sourceTree = "<group>"; };
/* End PBXFileReference section */

/* Begin PBXFrameworksBuildPhase section */
		6E32C4FF1A6D0B9F002FEDC7 /* Frameworks */ = {
			isa = PBXFrameworksBuildPhase;
			buildActionMask = 2147483647;
			files = (
			);
			runOnlyForDeploymentPostprocessing = 0;
		};
/* End PBXFrameworksBuildPhase section */

/* Begin PBXGroup section */
		6E32C4F91A6D0B9F002FEDC7 = {
			isa = PBXGroup;
			children = (
				6E32C5041A6D0B9F002FEDC7 /* DivideByZeroTestCase */,
				6E32C5031A6D0B9F002FEDC7 /* Products */,
			);
			sourceTree = "<group>";
		};
		6E32C5031A6D0B9F002FEDC7 /* Products */ = {
			isa = PBXGroup;
			children = (
				6E32C5021A6D0B9F002FEDC7 /* DivideByZeroTestCase */,
			);
			name = Products;
			sourceTree = "<group>";
		};
		6E32C5041A6D0B9F002FEDC7 /* DivideByZeroTestCase */ = {
			isa = PBXGroup;
			children = (
				6E32C5051A6D0B9F002FEDC7 /* main.swift */,
			);
			path = DivideByZeroTestCase;
			sourceTree = "<group>";
		};
/* End PBXGroup section */

/* Begin PBXNativeTarget section */
		6E32C5011A6D0B9F002FEDC7 /* DivideByZeroTestCase */ = {
			isa = PBXNativeTarget;
			buildConfigurationList = 6E32C5091A6D0B9F002FEDC7 /* Build configuration list for PBXNativeTarget "DivideByZeroTestCase" */;
			buildPhases = (
				6E32C4FE1A6D0B9F002FEDC7 /* Sources */,
				6E32C4FF1A6D0B9F002FEDC7 /* Frameworks */,
				6E32C5001A6D0B9F002FEDC7 /* CopyFiles */,
			);
			buildRules = (
			);
			dependencies = (
			);
			name = DivideByZeroTestCase;
			productName = DivideByZeroTestCase;
			productReference = 6E32C5021A6D0B9F002FEDC7 /* DivideByZeroTestCase */;
			productType = "com.apple.product-type.tool";
		};
/* End PBXNativeTarget section */

/* Begin PBXProject section */
		6E32C4FA1A6D0B9F002FEDC7 /* Project object */ = {
			isa = PBXProject;
			attributes = {
				LastUpgradeCheck = 0620;
				ORGANIZATIONNAME = radex;
				TargetAttributes = {
					6E32C5011A6D0B9F002FEDC7 = {
						CreatedOnToolsVersion = 6.2;
					};
				};
			};
			buildConfigurationList = 6E32C4FD1A6D0B9F002FEDC7 /* Build configuration list for PBXProject "DivideByZeroTestCase" */;
			compatibilityVersion = "Xcode 3.2";
			developmentRegion = English;
			hasScannedForEncodings = 0;
			knownRegions = (
				en,
			);
			mainGroup = 6E32C4F91A6D0B9F002FEDC7;
			productRefGroup = 6E32C5031A6D0B9F002FEDC7 /* Products */;
			projectDirPath = "";
			projectRoot = "";
			targets = (
				6E32C5011A6D0B9F002FEDC7 /* DivideByZeroTestCase */,
			);
		};
/* End PBXProject section */

/* Begin PBXSourcesBuildPhase section */
		6E32C4FE1A6D0B9F002FEDC7 /* Sources */ = {
			isa = PBXSourcesBuildPhase;
			buildActionMask = 2147483647;
			files = (
				6E32C5061A6D0B9F002FEDC7 /* main.swift in Sources */,
			);
			runOnlyForDeploymentPostprocessing = 0;
		};
/* End PBXSourcesBuildPhase section */

/* Begin XCBuildConfiguration section */
		6E32C5071A6D0B9F002FEDC7 /* Debug */ = {
			isa = XCBuildConfiguration;
			buildSettings = {
				ALWAYS_SEARCH_USER_PATHS = NO;
				CLANG_CXX_LANGUAGE_STANDARD = "gnu++0x";
				CLANG_CXX_LIBRARY = "libc++";
				CLANG_ENABLE_MODULES = YES;
				CLANG_ENABLE_OBJC_ARC = YES;
				CLANG_WARN_BOOL_CONVERSION = YES;
				CLANG_WARN_CONSTANT_CONVERSION = YES;
				CLANG_WARN_DIRECT_OBJC_ISA_USAGE = YES_ERROR;
				CLANG_WARN_EMPTY_BODY = YES;
				CLANG_WARN_ENUM_CONVERSION = YES;
				CLANG_WARN_INT_CONVERSION = YES;
				CLANG_WARN_OBJC_ROOT_CLASS = YES_ERROR;
				CLANG_WARN_UNREACHABLE_CODE = YES;
				CLANG_WARN__DUPLICATE_METHOD_MATCH = YES;
				COPY_PHASE_STRIP = NO;
				ENABLE_STRICT_OBJC_MSGSEND = YES;
				GCC_C_LANGUAGE_STANDARD = gnu99;
				GCC_DYNAMIC_NO_PIC = NO;
				GCC_OPTIMIZATION_LEVEL = 0;
				GCC_PREPROCESSOR_DEFINITIONS = (
					"DEBUG=1",
					"$(inherited)",
				);
				GCC_SYMBOLS_PRIVATE_EXTERN = NO;
				GCC_WARN_64_TO_32_BIT_CONVERSION = YES;
				GCC_WARN_ABOUT_RETURN_TYPE = YES_ERROR;
				GCC_WARN_UNDECLARED_SELECTOR = YES;
				GCC_WARN_UNINITIALIZED_AUTOS = YES_AGGRESSIVE;
				GCC_WARN_UNUSED_FUNCTION = YES;
				GCC_WARN_UNUSED_VARIABLE = YES;
				MACOSX_DEPLOYMENT_TARGET = 10.10;
				MTL_ENABLE_DEBUG_INFO = YES;
				ONLY_ACTIVE_ARCH = YES;
				SDKROOT = macosx;
				SWIFT_OPTIMIZATION_LEVEL = "-Onone";
			};
			name = Debug;
		};
		6E32C5081A6D0B9F002FEDC7 /* Release */ = {
			isa = XCBuildConfiguration;
			buildSettings = {
				ALWAYS_SEARCH_USER_PATHS = NO;
				CLANG_CXX_LANGUAGE_STANDARD = "gnu++0x";
				CLANG_CXX_LIBRARY = "libc++";
				CLANG_ENABLE_MODULES = YES;
				CLANG_ENABLE_OBJC_ARC = YES;
				CLANG_WARN_BOOL_CONVERSION = YES;
				CLANG_WARN_CONSTANT_CONVERSION = YES;
				CLANG_WARN_DIRECT_OBJC_ISA_USAGE = YES_ERROR;
				CLANG_WARN_EMPTY_BODY = YES;
				CLANG_WARN_ENUM_CONVERSION = YES;
				CLANG_WARN_INT_CONVERSION = YES;
				CLANG_WARN_OBJC_ROOT_CLASS = YES_ERROR;
				CLANG_WARN_UNREACHABLE_CODE = YES;
				CLANG_WARN__DUPLICATE_METHOD_MATCH = YES;
				COPY_PHASE_STRIP = NO;
				DEBUG_INFORMATION_FORMAT = "dwarf-with-dsym";
				ENABLE_NS_ASSERTIONS = NO;
				ENABLE_STRICT_OBJC_MSGSEND = YES;
				GCC_C_LANGUAGE_STANDARD = gnu99;
				GCC_WARN_64_TO_32_BIT_CONVERSION = YES;
				GCC_WARN_ABOUT_RETURN_TYPE = YES_ERROR;
				GCC_WARN_UNDECLARED_SELECTOR = YES;
				GCC_WARN_UNINITIALIZED_AUTOS = YES_AGGRESSIVE;
				GCC_WARN_UNUSED_FUNCTION = YES;
				GCC_WARN_UNUSED_VARIABLE = YES;
				MACOSX_DEPLOYMENT_TARGET = 10.10;
				MTL_ENABLE_DEBUG_INFO = NO;
				SDKROOT = macosx;
			};
			name = Release;
		};
		6E32C50A1A6D0B9F002FEDC7 /* Debug */ = {
			isa = XCBuildConfiguration;
			buildSettings = {
				PRODUCT_NAME = "$(TARGET_NAME)";
			};
			name = Debug;
		};
		6E32C50B1A6D0B9F002FEDC7 /* Release */ = {
			isa = XCBuildConfiguration;
			buildSettings = {
				PRODUCT_NAME = "$(TARGET_NAME)";
			};
			name = Release;
		};
/* End XCBuildConfiguration section */

/* Begin XCConfigurationList section */
		6E32C4FD1A6D0B9F002FEDC7 /* Build configuration list for PBXProject "DivideByZeroTestCase" */ = {
			isa = XCConfigurationList;
			buildConfigurations = (
				6E32C5071A6D0B9F002FEDC7 /* Debug */,
				6E32C5081A6D0B9F002FEDC7 /* Release */,
			);
			defaultConfigurationIsVisible = 0;
			defaultConfigurationName = Release;
		};
		6E32C5091A6D0B9F002FEDC7 /* Build configuration list for PBXNativeTarget "DivideByZeroTestCase" */ = {
			isa = XCConfigurationList;
			buildConfigurations = (
				6E32C50A1A6D0B9F002FEDC7 /* Debug */,
				6E32C50B1A6D0B9F002FEDC7 /* Release */,
			);
			defaultConfigurationIsVisible = 0;
		};
/* End XCConfigurationList section */
	};
	rootObject = 6E32C4FA1A6D0B9F002FEDC7 /* Project object */;
}
