// !$*UTF8*$!
{
	archiveVersion = 1;
	classes = {
	};
	objectVersion = 46;
	objects = {

/* Begin PBXBuildFile section */
		6ED9360219F680B60011B1E4 /* AppDelegate.swift in Sources */ = {isa = PBXBuildFile; fileRef = 6ED9360119F680B60011B1E4 /* AppDelegate.swift */; };
		6ED9360419F680B60011B1E4 /* Images.xcassets in Resources */ = {isa = PBXBuildFile; fileRef = 6ED9360319F680B60011B1E4 /* Images.xcassets */; };
		6ED9360719F680B60011B1E4 /* MainMenu.xib in Resources */ = {isa = PBXBuildFile; fileRef = 6ED9360519F680B60011B1E4 /* MainMenu.xib */; };
		6ED9361319F680B70011B1E4 /* nstimer_extension_initializer_crash_test_caseTests.swift in Sources */ = {isa = PBXBuildFile; fileRef = 6ED9361219F680B70011B1E4 /* nstimer_extension_initializer_crash_test_caseTests.swift */; };
/* End PBXBuildFile section */

/* Begin PBXContainerItemProxy section */
		6ED9360D19F680B70011B1E4 /* PBXContainerItemProxy */ = {
			isa = PBXContainerItemProxy;
			containerPortal = 6ED935F419F680B60011B1E4 /* Project object */;
			proxyType = 1;
			remoteGlobalIDString = 6ED935FB19F680B60011B1E4;
			remoteInfo = "nstimer extension initializer crash test case";
		};
/* End PBXContainerItemProxy section */

/* Begin PBXFileReference section */
		6ED935FC19F680B60011B1E4 /* nstimer extension initializer crash test case.app */ = {isa = PBXFileReference; explicitFileType = wrapper.application; includeInIndex = 0; path = "nstimer extension initializer crash test case.app"; sourceTree = BUILT_PRODUCTS_DIR; };
		6ED9360019F680B60011B1E4 /* Info.plist */ = {isa = PBXFileReference; lastKnownFileType = text.plist.xml; path = Info.plist; sourceTree = "<group>"; };
		6ED9360119F680B60011B1E4 /* AppDelegate.swift */ = {isa = PBXFileReference; lastKnownFileType = sourcecode.swift; path = AppDelegate.swift; sourceTree = "<group>"; };
		6ED9360319F680B60011B1E4 /* Images.xcassets */ = {isa = PBXFileReference; lastKnownFileType = folder.assetcatalog; path = Images.xcassets; sourceTree = "<group>"; };
		6ED9360619F680B60011B1E4 /* Base */ = {isa = PBXFileReference; lastKnownFileType = file.xib; name = Base; path = Base.lproj/MainMenu.xib; sourceTree = "<group>"; };
		6ED9360C19F680B70011B1E4 /* nstimer extension initializer crash test caseTests.xctest */ = {isa = PBXFileReference; explicitFileType = wrapper.cfbundle; includeInIndex = 0; path = "nstimer extension initializer crash test caseTests.xctest"; sourceTree = BUILT_PRODUCTS_DIR; };
		6ED9361119F680B70011B1E4 /* Info.plist */ = {isa = PBXFileReference; lastKnownFileType = text.plist.xml; path = Info.plist; sourceTree = "<group>"; };
		6ED9361219F680B70011B1E4 /* nstimer_extension_initializer_crash_test_caseTests.swift */ = {isa = PBXFileReference; lastKnownFileType = sourcecode.swift; path = nstimer_extension_initializer_crash_test_caseTests.swift; sourceTree = "<group>"; };
/* End PBXFileReference section */

/* Begin PBXFrameworksBuildPhase section */
		6ED935F919F680B60011B1E4 /* Frameworks */ = {
			isa = PBXFrameworksBuildPhase;
			buildActionMask = 2147483647;
			files = (
			);
			runOnlyForDeploymentPostprocessing = 0;
		};
		6ED9360919F680B70011B1E4 /* Frameworks */ = {
			isa = PBXFrameworksBuildPhase;
			buildActionMask = 2147483647;
			files = (
			);
			runOnlyForDeploymentPostprocessing = 0;
		};
/* End PBXFrameworksBuildPhase section */

/* Begin PBXGroup section */
		6ED935F319F680B60011B1E4 = {
			isa = PBXGroup;
			children = (
				6ED935FE19F680B60011B1E4 /* nstimer extension initializer crash test case */,
				6ED9360F19F680B70011B1E4 /* nstimer extension initializer crash test caseTests */,
				6ED935FD19F680B60011B1E4 /* Products */,
			);
			sourceTree = "<group>";
		};
		6ED935FD19F680B60011B1E4 /* Products */ = {
			isa = PBXGroup;
			children = (
				6ED935FC19F680B60011B1E4 /* nstimer extension initializer crash test case.app */,
				6ED9360C19F680B70011B1E4 /* nstimer extension initializer crash test caseTests.xctest */,
			);
			name = Products;
			sourceTree = "<group>";
		};
		6ED935FE19F680B60011B1E4 /* nstimer extension initializer crash test case */ = {
			isa = PBXGroup;
			children = (
				6ED9360119F680B60011B1E4 /* AppDelegate.swift */,
				6ED9360319F680B60011B1E4 /* Images.xcassets */,
				6ED9360519F680B60011B1E4 /* MainMenu.xib */,
				6ED935FF19F680B60011B1E4 /* Supporting Files */,
			);
			path = "nstimer extension initializer crash test case";
			sourceTree = "<group>";
		};
		6ED935FF19F680B60011B1E4 /* Supporting Files */ = {
			isa = PBXGroup;
			children = (
				6ED9360019F680B60011B1E4 /* Info.plist */,
			);
			name = "Supporting Files";
			sourceTree = "<group>";
		};
		6ED9360F19F680B70011B1E4 /* nstimer extension initializer crash test caseTests */ = {
			isa = PBXGroup;
			children = (
				6ED9361219F680B70011B1E4 /* nstimer_extension_initializer_crash_test_caseTests.swift */,
				6ED9361019F680B70011B1E4 /* Supporting Files */,
			);
			path = "nstimer extension initializer crash test caseTests";
			sourceTree = "<group>";
		};
		6ED9361019F680B70011B1E4 /* Supporting Files */ = {
			isa = PBXGroup;
			children = (
				6ED9361119F680B70011B1E4 /* Info.plist */,
			);
			name = "Supporting Files";
			sourceTree = "<group>";
		};
/* End PBXGroup section */

/* Begin PBXNativeTarget section */
		6ED935FB19F680B60011B1E4 /* nstimer extension initializer crash test case */ = {
			isa = PBXNativeTarget;
			buildConfigurationList = 6ED9361619F680B70011B1E4 /* Build configuration list for PBXNativeTarget "nstimer extension initializer crash test case" */;
			buildPhases = (
				6ED935F819F680B60011B1E4 /* Sources */,
				6ED935F919F680B60011B1E4 /* Frameworks */,
				6ED935FA19F680B60011B1E4 /* Resources */,
			);
			buildRules = (
			);
			dependencies = (
			);
			name = "nstimer extension initializer crash test case";
			productName = "nstimer extension initializer crash test case";
			productReference = 6ED935FC19F680B60011B1E4 /* nstimer extension initializer crash test case.app */;
			productType = "com.apple.product-type.application";
		};
		6ED9360B19F680B70011B1E4 /* nstimer extension initializer crash test caseTests */ = {
			isa = PBXNativeTarget;
			buildConfigurationList = 6ED9361919F680B70011B1E4 /* Build configuration list for PBXNativeTarget "nstimer extension initializer crash test caseTests" */;
			buildPhases = (
				6ED9360819F680B70011B1E4 /* Sources */,
				6ED9360919F680B70011B1E4 /* Frameworks */,
				6ED9360A19F680B70011B1E4 /* Resources */,
			);
			buildRules = (
			);
			dependencies = (
				6ED9360E19F680B70011B1E4 /* PBXTargetDependency */,
			);
			name = "nstimer extension initializer crash test caseTests";
			productName = "nstimer extension initializer crash test caseTests";
			productReference = 6ED9360C19F680B70011B1E4 /* nstimer extension initializer crash test caseTests.xctest */;
			productType = "com.apple.product-type.bundle.unit-test";
		};
/* End PBXNativeTarget section */

/* Begin PBXProject section */
		6ED935F419F680B60011B1E4 /* Project object */ = {
			isa = PBXProject;
			attributes = {
				LastUpgradeCheck = 0610;
				ORGANIZATIONNAME = radex;
				TargetAttributes = {
					6ED935FB19F680B60011B1E4 = {
						CreatedOnToolsVersion = 6.1;
					};
					6ED9360B19F680B70011B1E4 = {
						CreatedOnToolsVersion = 6.1;
						TestTargetID = 6ED935FB19F680B60011B1E4;
					};
				};
			};
			buildConfigurationList = 6ED935F719F680B60011B1E4 /* Build configuration list for PBXProject "nstimer extension initializer crash test case" */;
			compatibilityVersion = "Xcode 3.2";
			developmentRegion = English;
			hasScannedForEncodings = 0;
			knownRegions = (
				en,
				Base,
			);
			mainGroup = 6ED935F319F680B60011B1E4;
			productRefGroup = 6ED935FD19F680B60011B1E4 /* Products */;
			projectDirPath = "";
			projectRoot = "";
			targets = (
				6ED935FB19F680B60011B1E4 /* nstimer extension initializer crash test case */,
				6ED9360B19F680B70011B1E4 /* nstimer extension initializer crash test caseTests */,
			);
		};
/* End PBXProject section */

/* Begin PBXResourcesBuildPhase section */
		6ED935FA19F680B60011B1E4 /* Resources */ = {
			isa = PBXResourcesBuildPhase;
			buildActionMask = 2147483647;
			files = (
				6ED9360419F680B60011B1E4 /* Images.xcassets in Resources */,
				6ED9360719F680B60011B1E4 /* MainMenu.xib in Resources */,
			);
			runOnlyForDeploymentPostprocessing = 0;
		};
		6ED9360A19F680B70011B1E4 /* Resources */ = {
			isa = PBXResourcesBuildPhase;
			buildActionMask = 2147483647;
			files = (
			);
			runOnlyForDeploymentPostprocessing = 0;
		};
/* End PBXResourcesBuildPhase section */

/* Begin PBXSourcesBuildPhase section */
		6ED935F819F680B60011B1E4 /* Sources */ = {
			isa = PBXSourcesBuildPhase;
			buildActionMask = 2147483647;
			files = (
				6ED9360219F680B60011B1E4 /* AppDelegate.swift in Sources */,
			);
			runOnlyForDeploymentPostprocessing = 0;
		};
		6ED9360819F680B70011B1E4 /* Sources */ = {
			isa = PBXSourcesBuildPhase;
			buildActionMask = 2147483647;
			files = (
				6ED9361319F680B70011B1E4 /* nstimer_extension_initializer_crash_test_caseTests.swift in Sources */,
			);
			runOnlyForDeploymentPostprocessing = 0;
		};
/* End PBXSourcesBuildPhase section */

/* Begin PBXTargetDependency section */
		6ED9360E19F680B70011B1E4 /* PBXTargetDependency */ = {
			isa = PBXTargetDependency;
			target = 6ED935FB19F680B60011B1E4 /* nstimer extension initializer crash test case */;
			targetProxy = 6ED9360D19F680B70011B1E4 /* PBXContainerItemProxy */;
		};
/* End PBXTargetDependency section */

/* Begin PBXVariantGroup section */
		6ED9360519F680B60011B1E4 /* MainMenu.xib */ = {
			isa = PBXVariantGroup;
			children = (
				6ED9360619F680B60011B1E4 /* Base */,
			);
			name = MainMenu.xib;
			sourceTree = "<group>";
		};
/* End PBXVariantGroup section */

/* Begin XCBuildConfiguration section */
		6ED9361419F680B70011B1E4 /* Debug */ = {
			isa = XCBuildConfiguration;
			buildSettings = {
				ALWAYS_SEARCH_USER_PATHS = NO;
				CLANG_CXX_LANGUAGE_STANDARD = "gnu++0x";
				CLANG_CXX_LIBRARY = "libc++";
				CLANG_ENABLE_MODULES = YES;
				CLANG_ENABLE_OBJC_ARC = YES;
				CLANG_WARN_BOOL_CONVERSION = YES;
				CLANG_WARN_CONSTANT_CONVERSION = YES;
				CLANG_WARN_DIRECT_OBJC_ISA_USAGE = YES_ERROR;
				CLANG_WARN_EMPTY_BODY = YES;
				CLANG_WARN_ENUM_CONVERSION = YES;
				CLANG_WARN_INT_CONVERSION = YES;
				CLANG_WARN_OBJC_ROOT_CLASS = YES_ERROR;
				CLANG_WARN_UNREACHABLE_CODE = YES;
				CLANG_WARN__DUPLICATE_METHOD_MATCH = YES;
				CODE_SIGN_IDENTITY = "-";
				COPY_PHASE_STRIP = NO;
				ENABLE_STRICT_OBJC_MSGSEND = YES;
				GCC_C_LANGUAGE_STANDARD = gnu99;
				GCC_DYNAMIC_NO_PIC = NO;
				GCC_OPTIMIZATION_LEVEL = 0;
				GCC_PREPROCESSOR_DEFINITIONS = (
					"DEBUG=1",
					"$(inherited)",
				);
				GCC_SYMBOLS_PRIVATE_EXTERN = NO;
				GCC_WARN_64_TO_32_BIT_CONVERSION = YES;
				GCC_WARN_ABOUT_RETURN_TYPE = YES_ERROR;
				GCC_WARN_UNDECLARED_SELECTOR = YES;
				GCC_WARN_UNINITIALIZED_AUTOS = YES_AGGRESSIVE;
				GCC_WARN_UNUSED_FUNCTION = YES;
				GCC_WARN_UNUSED_VARIABLE = YES;
				MACOSX_DEPLOYMENT_TARGET = 10.10;
				MTL_ENABLE_DEBUG_INFO = YES;
				ONLY_ACTIVE_ARCH = YES;
				SDKROOT = macosx;
				SWIFT_OPTIMIZATION_LEVEL = "-Onone";
			};
			name = Debug;
		};
		6ED9361519F680B70011B1E4 /* Release */ = {
			isa = XCBuildConfiguration;
			buildSettings = {
				ALWAYS_SEARCH_USER_PATHS = NO;
				CLANG_CXX_LANGUAGE_STANDARD = "gnu++0x";
				CLANG_CXX_LIBRARY = "libc++";
				CLANG_ENABLE_MODULES = YES;
				CLANG_ENABLE_OBJC_ARC = YES;
				CLANG_WARN_BOOL_CONVERSION = YES;
				CLANG_WARN_CONSTANT_CONVERSION = YES;
				CLANG_WARN_DIRECT_OBJC_ISA_USAGE = YES_ERROR;
				CLANG_WARN_EMPTY_BODY = YES;
				CLANG_WARN_ENUM_CONVERSION = YES;
				CLANG_WARN_INT_CONVERSION = YES;
				CLANG_WARN_OBJC_ROOT_CLASS = YES_ERROR;
				CLANG_WARN_UNREACHABLE_CODE = YES;
				CLANG_WARN__DUPLICATE_METHOD_MATCH = YES;
				CODE_SIGN_IDENTITY = "-";
				COPY_PHASE_STRIP = YES;
				DEBUG_INFORMATION_FORMAT = "dwarf-with-dsym";
				ENABLE_NS_ASSERTIONS = NO;
				ENABLE_STRICT_OBJC_MSGSEND = YES;
				GCC_C_LANGUAGE_STANDARD = gnu99;
				GCC_WARN_64_TO_32_BIT_CONVERSION = YES;
				GCC_WARN_ABOUT_RETURN_TYPE = YES_ERROR;
				GCC_WARN_UNDECLARED_SELECTOR = YES;
				GCC_WARN_UNINITIALIZED_AUTOS = YES_AGGRESSIVE;
				GCC_WARN_UNUSED_FUNCTION = YES;
				GCC_WARN_UNUSED_VARIABLE = YES;
				MACOSX_DEPLOYMENT_TARGET = 10.10;
				MTL_ENABLE_DEBUG_INFO = NO;
				SDKROOT = macosx;
			};
			name = Release;
		};
		6ED9361719F680B70011B1E4 /* Debug */ = {
			isa = XCBuildConfiguration;
			buildSettings = {
				ASSETCATALOG_COMPILER_APPICON_NAME = AppIcon;
				COMBINE_HIDPI_IMAGES = YES;
				INFOPLIST_FILE = "nstimer extension initializer crash test case/Info.plist";
				LD_RUNPATH_SEARCH_PATHS = "$(inherited) @executable_path/../Frameworks";
				PRODUCT_NAME = "$(TARGET_NAME)";
			};
			name = Debug;
		};
		6ED9361819F680B70011B1E4 /* Release */ = {
			isa = XCBuildConfiguration;
			buildSettings = {
				ASSETCATALOG_COMPILER_APPICON_NAME = AppIcon;
				COMBINE_HIDPI_IMAGES = YES;
				INFOPLIST_FILE = "nstimer extension initializer crash test case/Info.plist";
				LD_RUNPATH_SEARCH_PATHS = "$(inherited) @executable_path/../Frameworks";
				PRODUCT_NAME = "$(TARGET_NAME)";
			};
			name = Release;
		};
		6ED9361A19F680B70011B1E4 /* Debug */ = {
			isa = XCBuildConfiguration;
			buildSettings = {
				BUNDLE_LOADER = "$(TEST_HOST)";
				COMBINE_HIDPI_IMAGES = YES;
				FRAMEWORK_SEARCH_PATHS = (
					"$(DEVELOPER_FRAMEWORKS_DIR)",
					"$(inherited)",
				);
				GCC_PREPROCESSOR_DEFINITIONS = (
					"DEBUG=1",
					"$(inherited)",
				);
				INFOPLIST_FILE = "nstimer extension initializer crash test caseTests/Info.plist";
				LD_RUNPATH_SEARCH_PATHS = "$(inherited) @executable_path/../Frameworks @loader_path/../Frameworks";
				PRODUCT_NAME = "$(TARGET_NAME)";
				TEST_HOST = "$(BUILT_PRODUCTS_DIR)/nstimer extension initializer crash test case.app/Contents/MacOS/nstimer extension initializer crash test case";
			};
			name = Debug;
		};
		6ED9361B19F680B70011B1E4 /* Release */ = {
			isa = XCBuildConfiguration;
			buildSettings = {
				BUNDLE_LOADER = "$(TEST_HOST)";
				COMBINE_HIDPI_IMAGES = YES;
				FRAMEWORK_SEARCH_PATHS = (
					"$(DEVELOPER_FRAMEWORKS_DIR)",
					"$(inherited)",
				);
				INFOPLIST_FILE = "nstimer extension initializer crash test caseTests/Info.plist";
				LD_RUNPATH_SEARCH_PATHS = "$(inherited) @executable_path/../Frameworks @loader_path/../Frameworks";
				PRODUCT_NAME = "$(TARGET_NAME)";
				TEST_HOST = "$(BUILT_PRODUCTS_DIR)/nstimer extension initializer crash test case.app/Contents/MacOS/nstimer extension initializer crash test case";
			};
			name = Release;
		};
/* End XCBuildConfiguration section */

/* Begin XCConfigurationList section */
		6ED935F719F680B60011B1E4 /* Build configuration list for PBXProject "nstimer extension initializer crash test case" */ = {
			isa = XCConfigurationList;
			buildConfigurations = (
				6ED9361419F680B70011B1E4 /* Debug */,
				6ED9361519F680B70011B1E4 /* Release */,
			);
			defaultConfigurationIsVisible = 0;
			defaultConfigurationName = Release;
		};
		6ED9361619F680B70011B1E4 /* Build configuration list for PBXNativeTarget "nstimer extension initializer crash test case" */ = {
			isa = XCConfigurationList;
			buildConfigurations = (
				6ED9361719F680B70011B1E4 /* Debug */,
				6ED9361819F680B70011B1E4 /* Release */,
			);
			defaultConfigurationIsVisible = 0;
		};
		6ED9361919F680B70011B1E4 /* Build configuration list for PBXNativeTarget "nstimer extension initializer crash test caseTests" */ = {
			isa = XCConfigurationList;
			buildConfigurations = (
				6ED9361A19F680B70011B1E4 /* Debug */,
				6ED9361B19F680B70011B1E4 /* Release */,
			);
			defaultConfigurationIsVisible = 0;
		};
/* End XCConfigurationList section */
	};
	rootObject = 6ED935F419F680B60011B1E4 /* Project object */;
}
