// !$*UTF8*$!
{
	archiveVersion = 1;
	classes = {
	};
	objectVersion = 46;
	objects = {

/* Begin PBXBuildFile section */
		6EEFE8731D5DEF0F008D4C61 /* AppDelegate.swift in Sources */ = {isa = PBXBuildFile; fileRef = 6EEFE8721D5DEF0F008D4C61 /* AppDelegate.swift */; };
		6EEFE8751D5DEF0F008D4C61 /* ViewController.swift in Sources */ = {isa = PBXBuildFile; fileRef = 6EEFE8741D5DEF0F008D4C61 /* ViewController.swift */; };
		6EEFE8781D5DEF0F008D4C61 /* Main.storyboard in Resources */ = {isa = PBXBuildFile; fileRef = 6EEFE8761D5DEF0F008D4C61 /* Main.storyboard */; };
		6EEFE87A1D5DEF0F008D4C61 /* Assets.xcassets in Resources */ = {isa = PBXBuildFile; fileRef = 6EEFE8791D5DEF0F008D4C61 /* Assets.xcassets */; };
		6EEFE87D1D5DEF0F008D4C61 /* LaunchScreen.storyboard in Resources */ = {isa = PBXBuildFile; fileRef = 6EEFE87B1D5DEF0F008D4C61 /* LaunchScreen.storyboard */; };
		6EEFE8881D5DEF0F008D4C61 /* KeyboardDoesntHideOnInputDeleteUITests.swift in Sources */ = {isa = PBXBuildFile; fileRef = 6EEFE8871D5DEF0F008D4C61 /* KeyboardDoesntHideOnInputDeleteUITests.swift */; };
		6EEFE8931D5DEF81008D4C61 /* index.html in Resources */ = {isa = PBXBuildFile; fileRef = 6EEFE8921D5DEF81008D4C61 /* index.html */; };
/* End PBXBuildFile section */

/* Begin PBXContainerItemProxy section */
		6EEFE8841D5DEF0F008D4C61 /* PBXContainerItemProxy */ = {
			isa = PBXContainerItemProxy;
			containerPortal = 6EEFE8671D5DEF0F008D4C61 /* Project object */;
			proxyType = 1;
			remoteGlobalIDString = 6EEFE86E1D5DEF0F008D4C61;
			remoteInfo = KeyboardDoesntHideOnInputDelete;
		};
/* End PBXContainerItemProxy section */

/* Begin PBXFileReference section */
		6EEFE86F1D5DEF0F008D4C61 /* KeyboardDoesntHideOnInputDelete.app */ = {isa = PBXFileReference; explicitFileType = wrapper.application; includeInIndex = 0; path = KeyboardDoesntHideOnInputDelete.app; sourceTree = BUILT_PRODUCTS_DIR; };
		6EEFE8721D5DEF0F008D4C61 /* AppDelegate.swift */ = {isa = PBXFileReference; lastKnownFileType = sourcecode.swift; path = AppDelegate.swift; sourceTree = "<group>"; };
		6EEFE8741D5DEF0F008D4C61 /* ViewController.swift */ = {isa = PBXFileReference; lastKnownFileType = sourcecode.swift; path = ViewController.swift; sourceTree = "<group>"; };
		6EEFE8771D5DEF0F008D4C61 /* Base */ = {isa = PBXFileReference; lastKnownFileType = file.storyboard; name = Base; path = Base.lproj/Main.storyboard; sourceTree = "<group>"; };
		6EEFE8791D5DEF0F008D4C61 /* Assets.xcassets */ = {isa = PBXFileReference; lastKnownFileType = folder.assetcatalog; path = Assets.xcassets; sourceTree = "<group>"; };
		6EEFE87C1D5DEF0F008D4C61 /* Base */ = {isa = PBXFileReference; lastKnownFileType = file.storyboard; name = Base; path = Base.lproj/LaunchScreen.storyboard; sourceTree = "<group>"; };
		6EEFE87E1D5DEF0F008D4C61 /* Info.plist */ = {isa = PBXFileReference; lastKnownFileType = text.plist.xml; path = Info.plist; sourceTree = "<group>"; };
		6EEFE8831D5DEF0F008D4C61 /* KeyboardDoesntHideOnInputDeleteUITests.xctest */ = {isa = PBXFileReference; explicitFileType = wrapper.cfbundle; includeInIndex = 0; path = KeyboardDoesntHideOnInputDeleteUITests.xctest; sourceTree = BUILT_PRODUCTS_DIR; };
		6EEFE8871D5DEF0F008D4C61 /* KeyboardDoesntHideOnInputDeleteUITests.swift */ = {isa = PBXFileReference; lastKnownFileType = sourcecode.swift; path = KeyboardDoesntHideOnInputDeleteUITests.swift; sourceTree = "<group>"; };
		6EEFE8891D5DEF0F008D4C61 /* Info.plist */ = {isa = PBXFileReference; lastKnownFileType = text.plist.xml; path = Info.plist; sourceTree = "<group>"; };
		6EEFE8921D5DEF81008D4C61 /* index.html */ = {isa = PBXFileReference; fileEncoding = 4; lastKnownFileType = text.html; path = index.html; sourceTree = "<group>"; };
/* End PBXFileReference section */

/* Begin PBXFrameworksBuildPhase section */
		6EEFE86C1D5DEF0F008D4C61 /* Frameworks */ = {
			isa = PBXFrameworksBuildPhase;
			buildActionMask = 2147483647;
			files = (
			);
			runOnlyForDeploymentPostprocessing = 0;
		};
		6EEFE8801D5DEF0F008D4C61 /* Frameworks */ = {
			isa = PBXFrameworksBuildPhase;
			buildActionMask = 2147483647;
			files = (
			);
			runOnlyForDeploymentPostprocessing = 0;
		};
/* End PBXFrameworksBuildPhase section */

/* Begin PBXGroup section */
		6EEFE8661D5DEF0F008D4C61 = {
			isa = PBXGroup;
			children = (
				6EEFE8711D5DEF0F008D4C61 /* KeyboardDoesntHideOnInputDelete */,
				6EEFE8861D5DEF0F008D4C61 /* KeyboardDoesntHideOnInputDeleteUITests */,
				6EEFE8701D5DEF0F008D4C61 /* Products */,
			);
			sourceTree = "<group>";
		};
		6EEFE8701D5DEF0F008D4C61 /* Products */ = {
			isa = PBXGroup;
			children = (
				6EEFE86F1D5DEF0F008D4C61 /* KeyboardDoesntHideOnInputDelete.app */,
				6EEFE8831D5DEF0F008D4C61 /* KeyboardDoesntHideOnInputDeleteUITests.xctest */,
			);
			name = Products;
			sourceTree = "<group>";
		};
		6EEFE8711D5DEF0F008D4C61 /* KeyboardDoesntHideOnInputDelete */ = {
			isa = PBXGroup;
			children = (
				6EEFE8721D5DEF0F008D4C61 /* AppDelegate.swift */,
				6EEFE8741D5DEF0F008D4C61 /* ViewController.swift */,
				6EEFE8761D5DEF0F008D4C61 /* Main.storyboard */,
				6EEFE8791D5DEF0F008D4C61 /* Assets.xcassets */,
				6EEFE87B1D5DEF0F008D4C61 /* LaunchScreen.storyboard */,
				6EEFE87E1D5DEF0F008D4C61 /* Info.plist */,
				6EEFE8921D5DEF81008D4C61 /* index.html */,
			);
			path = KeyboardDoesntHideOnInputDelete;
			sourceTree = "<group>";
		};
		6EEFE8861D5DEF0F008D4C61 /* KeyboardDoesntHideOnInputDeleteUITests */ = {
			isa = PBXGroup;
			children = (
				6EEFE8871D5DEF0F008D4C61 /* KeyboardDoesntHideOnInputDeleteUITests.swift */,
				6EEFE8891D5DEF0F008D4C61 /* Info.plist */,
			);
			path = KeyboardDoesntHideOnInputDeleteUITests;
			sourceTree = "<group>";
		};
/* End PBXGroup section */

/* Begin PBXNativeTarget section */
		6EEFE86E1D5DEF0F008D4C61 /* KeyboardDoesntHideOnInputDelete */ = {
			isa = PBXNativeTarget;
			buildConfigurationList = 6EEFE88C1D5DEF0F008D4C61 /* Build configuration list for PBXNativeTarget "KeyboardDoesntHideOnInputDelete" */;
			buildPhases = (
				6EEFE86B1D5DEF0F008D4C61 /* Sources */,
				6EEFE86C1D5DEF0F008D4C61 /* Frameworks */,
				6EEFE86D1D5DEF0F008D4C61 /* Resources */,
			);
			buildRules = (
			);
			dependencies = (
			);
			name = KeyboardDoesntHideOnInputDelete;
			productName = KeyboardDoesntHideOnInputDelete;
			productReference = 6EEFE86F1D5DEF0F008D4C61 /* KeyboardDoesntHideOnInputDelete.app */;
			productType = "com.apple.product-type.application";
		};
		6EEFE8821D5DEF0F008D4C61 /* KeyboardDoesntHideOnInputDeleteUITests */ = {
			isa = PBXNativeTarget;
			buildConfigurationList = 6EEFE88F1D5DEF0F008D4C61 /* Build configuration list for PBXNativeTarget "KeyboardDoesntHideOnInputDeleteUITests" */;
			buildPhases = (
				6EEFE87F1D5DEF0F008D4C61 /* Sources */,
				6EEFE8801D5DEF0F008D4C61 /* Frameworks */,
				6EEFE8811D5DEF0F008D4C61 /* Resources */,
			);
			buildRules = (
			);
			dependencies = (
				6EEFE8851D5DEF0F008D4C61 /* PBXTargetDependency */,
			);
			name = KeyboardDoesntHideOnInputDeleteUITests;
			productName = KeyboardDoesntHideOnInputDeleteUITests;
			productReference = 6EEFE8831D5DEF0F008D4C61 /* KeyboardDoesntHideOnInputDeleteUITests.xctest */;
			productType = "com.apple.product-type.bundle.ui-testing";
		};
/* End PBXNativeTarget section */

/* Begin PBXProject section */
		6EEFE8671D5DEF0F008D4C61 /* Project object */ = {
			isa = PBXProject;
			attributes = {
				LastSwiftUpdateCheck = 0730;
				LastUpgradeCheck = 0730;
				ORGANIZATIONNAME = Nozbe;
				TargetAttributes = {
					6EEFE86E1D5DEF0F008D4C61 = {
						CreatedOnToolsVersion = 7.3;
					};
					6EEFE8821D5DEF0F008D4C61 = {
						CreatedOnToolsVersion = 7.3;
						TestTargetID = 6EEFE86E1D5DEF0F008D4C61;
					};
				};
			};
			buildConfigurationList = 6EEFE86A1D5DEF0F008D4C61 /* Build configuration list for PBXProject "KeyboardDoesntHideOnInputDelete" */;
			compatibilityVersion = "Xcode 3.2";
			developmentRegion = English;
			hasScannedForEncodings = 0;
			knownRegions = (
				en,
				Base,
			);
			mainGroup = 6EEFE8661D5DEF0F008D4C61;
			productRefGroup = 6EEFE8701D5DEF0F008D4C61 /* Products */;
			projectDirPath = "";
			projectRoot = "";
			targets = (
				6EEFE86E1D5DEF0F008D4C61 /* KeyboardDoesntHideOnInputDelete */,
				6EEFE8821D5DEF0F008D4C61 /* KeyboardDoesntHideOnInputDeleteUITests */,
			);
		};
/* End PBXProject section */

/* Begin PBXResourcesBuildPhase section */
		6EEFE86D1D5DEF0F008D4C61 /* Resources */ = {
			isa = PBXResourcesBuildPhase;
			buildActionMask = 2147483647;
			files = (
				6EEFE87D1D5DEF0F008D4C61 /* LaunchScreen.storyboard in Resources */,
				6EEFE8931D5DEF81008D4C61 /* index.html in Resources */,
				6EEFE87A1D5DEF0F008D4C61 /* Assets.xcassets in Resources */,
				6EEFE8781D5DEF0F008D4C61 /* Main.storyboard in Resources */,
			);
			runOnlyForDeploymentPostprocessing = 0;
		};
		6EEFE8811D5DEF0F008D4C61 /* Resources */ = {
			isa = PBXResourcesBuildPhase;
			buildActionMask = 2147483647;
			files = (
			);
			runOnlyForDeploymentPostprocessing = 0;
		};
/* End PBXResourcesBuildPhase section */

/* Begin PBXSourcesBuildPhase section */
		6EEFE86B1D5DEF0F008D4C61 /* Sources */ = {
			isa = PBXSourcesBuildPhase;
			buildActionMask = 2147483647;
			files = (
				6EEFE8751D5DEF0F008D4C61 /* ViewController.swift in Sources */,
				6EEFE8731D5DEF0F008D4C61 /* AppDelegate.swift in Sources */,
			);
			runOnlyForDeploymentPostprocessing = 0;
		};
		6EEFE87F1D5DEF0F008D4C61 /* Sources */ = {
			isa = PBXSourcesBuildPhase;
			buildActionMask = 2147483647;
			files = (
				6EEFE8881D5DEF0F008D4C61 /* KeyboardDoesntHideOnInputDeleteUITests.swift in Sources */,
			);
			runOnlyForDeploymentPostprocessing = 0;
		};
/* End PBXSourcesBuildPhase section */

/* Begin PBXTargetDependency section */
		6EEFE8851D5DEF0F008D4C61 /* PBXTargetDependency */ = {
			isa = PBXTargetDependency;
			target = 6EEFE86E1D5DEF0F008D4C61 /* KeyboardDoesntHideOnInputDelete */;
			targetProxy = 6EEFE8841D5DEF0F008D4C61 /* PBXContainerItemProxy */;
		};
/* End PBXTargetDependency section */

/* Begin PBXVariantGroup section */
		6EEFE8761D5DEF0F008D4C61 /* Main.storyboard */ = {
			isa = PBXVariantGroup;
			children = (
				6EEFE8771D5DEF0F008D4C61 /* Base */,
			);
			name = Main.storyboard;
			sourceTree = "<group>";
		};
		6EEFE87B1D5DEF0F008D4C61 /* LaunchScreen.storyboard */ = {
			isa = PBXVariantGroup;
			children = (
				6EEFE87C1D5DEF0F008D4C61 /* Base */,
			);
			name = LaunchScreen.storyboard;
			sourceTree = "<group>";
		};
/* End PBXVariantGroup section */

/* Begin XCBuildConfiguration section */
		6EEFE88A1D5DEF0F008D4C61 /* Debug */ = {
			isa = XCBuildConfiguration;
			buildSettings = {
				ALWAYS_SEARCH_USER_PATHS = NO;
				CLANG_ANALYZER_NONNULL = YES;
				CLANG_CXX_LANGUAGE_STANDARD = "gnu++0x";
				CLANG_CXX_LIBRARY = "libc++";
				CLANG_ENABLE_MODULES = YES;
				CLANG_ENABLE_OBJC_ARC = YES;
				CLANG_WARN_BOOL_CONVERSION = YES;
				CLANG_WARN_CONSTANT_CONVERSION = YES;
				CLANG_WARN_DIRECT_OBJC_ISA_USAGE = YES_ERROR;
				CLANG_WARN_EMPTY_BODY = YES;
				CLANG_WARN_ENUM_CONVERSION = YES;
				CLANG_WARN_INT_CONVERSION = YES;
				CLANG_WARN_OBJC_ROOT_CLASS = YES_ERROR;
				CLANG_WARN_UNREACHABLE_CODE = YES;
				CLANG_WARN__DUPLICATE_METHOD_MATCH = YES;
				"CODE_SIGN_IDENTITY[sdk=iphoneos*]" = "iPhone Developer";
				COPY_PHASE_STRIP = NO;
				DEBUG_INFORMATION_FORMAT = dwarf;
				ENABLE_STRICT_OBJC_MSGSEND = YES;
				ENABLE_TESTABILITY = YES;
				GCC_C_LANGUAGE_STANDARD = gnu99;
				GCC_DYNAMIC_NO_PIC = NO;
				GCC_NO_COMMON_BLOCKS = YES;
				GCC_OPTIMIZATION_LEVEL = 0;
				GCC_PREPROCESSOR_DEFINITIONS = (
					"DEBUG=1",
					"$(inherited)",
				);
				GCC_WARN_64_TO_32_BIT_CONVERSION = YES;
				GCC_WARN_ABOUT_RETURN_TYPE = YES_ERROR;
				GCC_WARN_UNDECLARED_SELECTOR = YES;
				GCC_WARN_UNINITIALIZED_AUTOS = YES_AGGRESSIVE;
				GCC_WARN_UNUSED_FUNCTION = YES;
				GCC_WARN_UNUSED_VARIABLE = YES;
				IPHONEOS_DEPLOYMENT_TARGET = 9.3;
				MTL_ENABLE_DEBUG_INFO = YES;
				ONLY_ACTIVE_ARCH = YES;
				SDKROOT = iphoneos;
				SWIFT_OPTIMIZATION_LEVEL = "-Onone";
				TARGETED_DEVICE_FAMILY = "1,2";
			};
			name = Debug;
		};
		6EEFE88B1D5DEF0F008D4C61 /* Release */ = {
			isa = XCBuildConfiguration;
			buildSettings = {
				ALWAYS_SEARCH_USER_PATHS = NO;
				CLANG_ANALYZER_NONNULL = YES;
				CLANG_CXX_LANGUAGE_STANDARD = "gnu++0x";
				CLANG_CXX_LIBRARY = "libc++";
				CLANG_ENABLE_MODULES = YES;
				CLANG_ENABLE_OBJC_ARC = YES;
				CLANG_WARN_BOOL_CONVERSION = YES;
				CLANG_WARN_CONSTANT_CONVERSION = YES;
				CLANG_WARN_DIRECT_OBJC_ISA_USAGE = YES_ERROR;
				CLANG_WARN_EMPTY_BODY = YES;
				CLANG_WARN_ENUM_CONVERSION = YES;
				CLANG_WARN_INT_CONVERSION = YES;
				CLANG_WARN_OBJC_ROOT_CLASS = YES_ERROR;
				CLANG_WARN_UNREACHABLE_CODE = YES;
				CLANG_WARN__DUPLICATE_METHOD_MATCH = YES;
				"CODE_SIGN_IDENTITY[sdk=iphoneos*]" = "iPhone Developer";
				COPY_PHASE_STRIP = NO;
				DEBUG_INFORMATION_FORMAT = "dwarf-with-dsym";
				ENABLE_NS_ASSERTIONS = NO;
				ENABLE_STRICT_OBJC_MSGSEND = YES;
				GCC_C_LANGUAGE_STANDARD = gnu99;
				GCC_NO_COMMON_BLOCKS = YES;
				GCC_WARN_64_TO_32_BIT_CONVERSION = YES;
				GCC_WARN_ABOUT_RETURN_TYPE = YES_ERROR;
				GCC_WARN_UNDECLARED_SELECTOR = YES;
				GCC_WARN_UNINITIALIZED_AUTOS = YES_AGGRESSIVE;
				GCC_WARN_UNUSED_FUNCTION = YES;
				GCC_WARN_UNUSED_VARIABLE = YES;
				IPHONEOS_DEPLOYMENT_TARGET = 9.3;
				MTL_ENABLE_DEBUG_INFO = NO;
				SDKROOT = iphoneos;
				TARGETED_DEVICE_FAMILY = "1,2";
				VALIDATE_PRODUCT = YES;
			};
			name = Release;
		};
		6EEFE88D1D5DEF0F008D4C61 /* Debug */ = {
			isa = XCBuildConfiguration;
			buildSettings = {
				ASSETCATALOG_COMPILER_APPICON_NAME = AppIcon;
				INFOPLIST_FILE = KeyboardDoesntHideOnInputDelete/Info.plist;
				LD_RUNPATH_SEARCH_PATHS = "$(inherited) @executable_path/Frameworks";
				PRODUCT_BUNDLE_IDENTIFIER = com.nozbe.dev.KeyboardDoesntHideOnInputDelete;
				PRODUCT_NAME = "$(TARGET_NAME)";
				SWIFT_VERSION = 2.3;
			};
			name = Debug;
		};
		6EEFE88E1D5DEF0F008D4C61 /* Release */ = {
			isa = XCBuildConfiguration;
			buildSettings = {
				ASSETCATALOG_COMPILER_APPICON_NAME = AppIcon;
				INFOPLIST_FILE = KeyboardDoesntHideOnInputDelete/Info.plist;
				LD_RUNPATH_SEARCH_PATHS = "$(inherited) @executable_path/Frameworks";
				PRODUCT_BUNDLE_IDENTIFIER = com.nozbe.dev.KeyboardDoesntHideOnInputDelete;
				PRODUCT_NAME = "$(TARGET_NAME)";
				SWIFT_VERSION = 2.3;
			};
			name = Release;
		};
		6EEFE8901D5DEF0F008D4C61 /* Debug */ = {
			isa = XCBuildConfiguration;
			buildSettings = {
				INFOPLIST_FILE = KeyboardDoesntHideOnInputDeleteUITests/Info.plist;
				LD_RUNPATH_SEARCH_PATHS = "$(inherited) @executable_path/Frameworks @loader_path/Frameworks";
				PRODUCT_BUNDLE_IDENTIFIER = com.nozbe.dev.KeyboardDoesntHideOnInputDeleteUITests;
				PRODUCT_NAME = "$(TARGET_NAME)";
				TEST_TARGET_NAME = KeyboardDoesntHideOnInputDelete;
			};
			name = Debug;
		};
		6EEFE8911D5DEF0F008D4C61 /* Release */ = {
			isa = XCBuildConfiguration;
			buildSettings = {
				INFOPLIST_FILE = KeyboardDoesntHideOnInputDeleteUITests/Info.plist;
				LD_RUNPATH_SEARCH_PATHS = "$(inherited) @executable_path/Frameworks @loader_path/Frameworks";
				PRODUCT_BUNDLE_IDENTIFIER = com.nozbe.dev.KeyboardDoesntHideOnInputDeleteUITests;
				PRODUCT_NAME = "$(TARGET_NAME)";
				TEST_TARGET_NAME = KeyboardDoesntHideOnInputDelete;
			};
			name = Release;
		};
/* End XCBuildConfiguration section */

/* Begin XCConfigurationList section */
		6EEFE86A1D5DEF0F008D4C61 /* Build configuration list for PBXProject "KeyboardDoesntHideOnInputDelete" */ = {
			isa = XCConfigurationList;
			buildConfigurations = (
				6EEFE88A1D5DEF0F008D4C61 /* Debug */,
				6EEFE88B1D5DEF0F008D4C61 /* Release */,
			);
			defaultConfigurationIsVisible = 0;
			defaultConfigurationName = Release;
		};
		6EEFE88C1D5DEF0F008D4C61 /* Build configuration list for PBXNativeTarget "KeyboardDoesntHideOnInputDelete" */ = {
			isa = XCConfigurationList;
			buildConfigurations = (
				6EEFE88D1D5DEF0F008D4C61 /* Debug */,
				6EEFE88E1D5DEF0F008D4C61 /* Release */,
			);
			defaultConfigurationIsVisible = 0;
		};
		6EEFE88F1D5DEF0F008D4C61 /* Build configuration list for PBXNativeTarget "KeyboardDoesntHideOnInputDeleteUITests" */ = {
			isa = XCConfigurationList;
			buildConfigurations = (
				6EEFE8901D5DEF0F008D4C61 /* Debug */,
				6EEFE8911D5DEF0F008D4C61 /* Release */,
			);
			defaultConfigurationIsVisible = 0;
		};
/* End XCConfigurationList section */
	};
	rootObject = 6EEFE8671D5DEF0F008D4C61 /* Project object */;
}
